
Microsoft Visual Studio Solution File, Format Version 12.00
# Visual Studio Version 16
VisualStudioVersion = 16.0.30320.27
MinimumVisualStudioVersion = 10.0.40219.1
Project("{9A19103F-16F7-4668-BE54-9A1E7A4F7556}") = "Conforyon", "Conforyon\Conforyon.csproj", "{1A34E8D3-9BAB-485F-9ADA-ABCA4703AC49}"
EndProject
Project("{FAE04EC0-301F-11D3-BF4B-00C04F79EFBC}") = "Conforyon_CR", "Conforyon_CR\Conforyon_CR.csproj", "{12A19D0B-5A2B-48CA-837A-86B3D40BC92A}"
	ProjectSection(ProjectDependencies) = postProject
		{1A34E8D3-9BAB-485F-9ADA-ABCA4703AC49} = {1A34E8D3-9BAB-485F-9ADA-ABCA4703AC49}
	EndProjectSection
EndProject
Global
	GlobalSection(SolutionConfigurationPlatforms) = preSolution
		Debug|Any CPU = Debug|Any CPU
		Release|Any CPU = Release|Any CPU
	EndGlobalSection
	GlobalSection(ProjectConfigurationPlatforms) = postSolution
		{1A34E8D3-9BAB-485F-9ADA-ABCA4703AC49}.Debug|Any CPU.ActiveCfg = Debug|Any CPU
		{1A34E8D3-9BAB-485F-9ADA-ABCA4703AC49}.Debug|Any CPU.Build.0 = Debug|Any CPU
		{1A34E8D3-9BAB-485F-9ADA-ABCA4703AC49}.Release|Any CPU.ActiveCfg = Release|Any CPU
		{1A34E8D3-9BAB-485F-9ADA-ABCA4703AC49}.Release|Any CPU.Build.0 = Release|Any CPU
		{12A19D0B-5A2B-48CA-837A-86B3D40BC92A}.Debug|Any CPU.ActiveCfg = Debug|Any CPU
		{12A19D0B-5A2B-48CA-837A-86B3D40BC92A}.Debug|Any CPU.Build.0 = Debug|Any CPU
		{12A19D0B-5A2B-48CA-837A-86B3D40BC92A}.Release|Any CPU.ActiveCfg = Release|Any CPU
		{12A19D0B-5A2B-48CA-837A-86B3D40BC92A}.Release|Any CPU.Build.0 = Release|Any CPU
	EndGlobalSection
	GlobalSection(SolutionProperties) = preSolution
		HideSolutionNode = FALSE
	EndGlobalSection
	GlobalSection(ExtensibilityGlobals) = postSolution
		SolutionGuid = {3BBD7C12-132C-488F-BA9E-32C6AB77D756}
	EndGlobalSection
EndGlobal
